
Microsoft Visual Studio Solution File, Format Version 12.00
# Visual Studio Version 17
VisualStudioVersion = 17.12.35527.113
MinimumVisualStudioVersion = 10.0.40219.1
Project("{FAE04EC0-301F-11D3-BF4B-00C04F79EFBC}") = "PhoneBook_Bartova", "PhoneBook_Bartova.csproj", "{9979F696-8487-4DCF-B5C3-74470503F90A}"
EndProject
Project("{FAE04EC0-301F-11D3-BF4B-00C04F79EFBC}") = "ClassModule", "..\ClassModule\ClassModule.csproj", "{94F25EA8-5291-465F-94D9-5A1A879397BE}"
EndProject
Project("{FAE04EC0-301F-11D3-BF4B-00C04F79EFBC}") = "ClassConnection", "..\ClassConnection\ClassConnection.csproj", "{04D5E1EE-784A-4721-818F-12F7E008588D}"
EndProject
Global
	GlobalSection(SolutionConfigurationPlatforms) = preSolution
		Debug|Any CPU = Debug|Any CPU
		Release|Any CPU = Release|Any CPU
	EndGlobalSection
	GlobalSection(ProjectConfigurationPlatforms) = postSolution
		{9979F696-8487-4DCF-B5C3-74470503F90A}.Debug|Any CPU.ActiveCfg = Debug|Any CPU
		{9979F696-8487-4DCF-B5C3-74470503F90A}.Debug|Any CPU.Build.0 = Debug|Any CPU
		{9979F696-8487-4DCF-B5C3-74470503F90A}.Release|Any CPU.ActiveCfg = Release|Any CPU
		{9979F696-8487-4DCF-B5C3-74470503F90A}.Release|Any CPU.Build.0 = Release|Any CPU
		{94F25EA8-5291-465F-94D9-5A1A879397BE}.Debug|Any CPU.ActiveCfg = Debug|Any CPU
		{94F25EA8-5291-465F-94D9-5A1A879397BE}.Debug|Any CPU.Build.0 = Debug|Any CPU
		{94F25EA8-5291-465F-94D9-5A1A879397BE}.Release|Any CPU.ActiveCfg = Release|Any CPU
		{94F25EA8-5291-465F-94D9-5A1A879397BE}.Release|Any CPU.Build.0 = Release|Any CPU
		{04D5E1EE-784A-4721-818F-12F7E008588D}.Debug|Any CPU.ActiveCfg = Debug|Any CPU
		{04D5E1EE-784A-4721-818F-12F7E008588D}.Debug|Any CPU.Build.0 = Debug|Any CPU
		{04D5E1EE-784A-4721-818F-12F7E008588D}.Release|Any CPU.ActiveCfg = Release|Any CPU
		{04D5E1EE-784A-4721-818F-12F7E008588D}.Release|Any CPU.Build.0 = Release|Any CPU
	EndGlobalSection
	GlobalSection(SolutionProperties) = preSolution
		HideSolutionNode = FALSE
	EndGlobalSection
	GlobalSection(ExtensibilityGlobals) = postSolution
		SolutionGuid = {F87CFB79-2B23-4F16-AF29-6ED3E6F92AC9}
	EndGlobalSection
EndGlobal
